
Microsoft Visual Studio Solution File, Format Version 12.00
# Visual Studio 14
VisualStudioVersion = 14.0.25420.1
MinimumVisualStudioVersion = 10.0.40219.1
Project("{FAE04EC0-301F-11D3-BF4B-00C04F79EFBC}") = "Country", "Country\Country.csproj", "{BA608AB8-3922-4ADE-B9B8-B70320349324}"
EndProject
Project("{FAE04EC0-301F-11D3-BF4B-00C04F79EFBC}") = "WorkFraction", "WorkFraction\WorkFraction.csproj", "{94BC5C25-5139-4CA9-B9FB-46D8B9EDE10F}"
EndProject
Project("{FAE04EC0-301F-11D3-BF4B-00C04F79EFBC}") = "BattleOfTanks", "BattleOfTanks\BattleOfTanks.csproj", "{E9C8AE10-0A36-45F4-BB09-7AF29B193A63}"
EndProject
Global
	GlobalSection(SolutionConfigurationPlatforms) = preSolution
		Debug|Any CPU = Debug|Any CPU
		Release|Any CPU = Release|Any CPU
	EndGlobalSection
	GlobalSection(ProjectConfigurationPlatforms) = postSolution
		{BA608AB8-3922-4ADE-B9B8-B70320349324}.Debug|Any CPU.ActiveCfg = Debug|Any CPU
		{BA608AB8-3922-4ADE-B9B8-B70320349324}.Debug|Any CPU.Build.0 = Debug|Any CPU
		{BA608AB8-3922-4ADE-B9B8-B70320349324}.Release|Any CPU.ActiveCfg = Release|Any CPU
		{BA608AB8-3922-4ADE-B9B8-B70320349324}.Release|Any CPU.Build.0 = Release|Any CPU
		{94BC5C25-5139-4CA9-B9FB-46D8B9EDE10F}.Debug|Any CPU.ActiveCfg = Debug|Any CPU
		{94BC5C25-5139-4CA9-B9FB-46D8B9EDE10F}.Debug|Any CPU.Build.0 = Debug|Any CPU
		{94BC5C25-5139-4CA9-B9FB-46D8B9EDE10F}.Release|Any CPU.ActiveCfg = Release|Any CPU
		{94BC5C25-5139-4CA9-B9FB-46D8B9EDE10F}.Release|Any CPU.Build.0 = Release|Any CPU
		{E9C8AE10-0A36-45F4-BB09-7AF29B193A63}.Debug|Any CPU.ActiveCfg = Debug|Any CPU
		{E9C8AE10-0A36-45F4-BB09-7AF29B193A63}.Debug|Any CPU.Build.0 = Debug|Any CPU
		{E9C8AE10-0A36-45F4-BB09-7AF29B193A63}.Release|Any CPU.ActiveCfg = Release|Any CPU
		{E9C8AE10-0A36-45F4-BB09-7AF29B193A63}.Release|Any CPU.Build.0 = Release|Any CPU
	EndGlobalSection
	GlobalSection(SolutionProperties) = preSolution
		HideSolutionNode = FALSE
	EndGlobalSection
EndGlobal
